// !$*UTF8*$!
{
	archiveVersion = 1;
	classes = {
	};
	objectVersion = 46;
	objects = {

/* Begin PBXAggregateTarget section */
		"AppIconResizer::AppIconResizerPackageTests::ProductTarget" /* AppIconResizerPackageTests */ = {
			isa = PBXAggregateTarget;
			buildConfigurationList = OBJ_73 /* Build configuration list for PBXAggregateTarget "AppIconResizerPackageTests" */;
			buildPhases = (
			);
			dependencies = (
				OBJ_76 /* PBXTargetDependency */,
			);
			name = AppIconResizerPackageTests;
			productName = AppIconResizerPackageTests;
		};
		"AppIconResizer::icon-resizer::ProductTarget" /* icon-resizer */ = {
			isa = PBXAggregateTarget;
			buildConfigurationList = OBJ_125 /* Build configuration list for PBXAggregateTarget "icon-resizer" */;
			buildPhases = (
			);
			dependencies = (
				OBJ_128 /* PBXTargetDependency */,
			);
			name = "icon-resizer";
			productName = "icon-resizer";
		};
/* End PBXAggregateTarget section */

/* Begin PBXBuildFile section */
		716B0B012226DACD00C7A339 /* Idiom.swift in Sources */ = {isa = PBXBuildFile; fileRef = 716B0B002226DACD00C7A339 /* Idiom.swift */; };
		716B0B032226DAEF00C7A339 /* VirtualDevice.swift in Sources */ = {isa = PBXBuildFile; fileRef = 716B0B022226DAEF00C7A339 /* VirtualDevice.swift */; };
		OBJ_100 /* CommandRunner.swift in Sources */ = {isa = PBXBuildFile; fileRef = OBJ_25 /* CommandRunner.swift */; };
		OBJ_101 /* CommandType.swift in Sources */ = {isa = PBXBuildFile; fileRef = OBJ_26 /* CommandType.swift */; };
		OBJ_102 /* Commands.swift in Sources */ = {isa = PBXBuildFile; fileRef = OBJ_27 /* Commands.swift */; };
		OBJ_103 /* Error.swift in Sources */ = {isa = PBXBuildFile; fileRef = OBJ_28 /* Error.swift */; };
		OBJ_104 /* Group.swift in Sources */ = {isa = PBXBuildFile; fileRef = OBJ_29 /* Group.swift */; };
		OBJ_111 /* Package.swift in Sources */ = {isa = PBXBuildFile; fileRef = OBJ_30 /* Package.swift */; };
		OBJ_116 /* Files.swift in Sources */ = {isa = PBXBuildFile; fileRef = OBJ_33 /* Files.swift */; };
		OBJ_123 /* Package.swift in Sources */ = {isa = PBXBuildFile; fileRef = OBJ_32 /* Package.swift */; };
		OBJ_45 /* main.swift in Sources */ = {isa = PBXBuildFile; fileRef = OBJ_13 /* main.swift */; };
		OBJ_47 /* AppIconResizerCore.framework in Frameworks */ = {isa = PBXBuildFile; fileRef = "AppIconResizer::AppIconResizerCore::Product" /* AppIconResizerCore.framework */; };
		OBJ_48 /* Commander.framework in Frameworks */ = {isa = PBXBuildFile; fileRef = "Commander::Commander::Product" /* Commander.framework */; };
		OBJ_49 /* Files.framework in Frameworks */ = {isa = PBXBuildFile; fileRef = "Files::Files::Product" /* Files.framework */; };
		OBJ_60 /* AppIconResizer.swift in Sources */ = {isa = PBXBuildFile; fileRef = OBJ_11 /* AppIconResizer.swift */; };
		OBJ_62 /* Commander.framework in Frameworks */ = {isa = PBXBuildFile; fileRef = "Commander::Commander::Product" /* Commander.framework */; };
		OBJ_63 /* Files.framework in Frameworks */ = {isa = PBXBuildFile; fileRef = "Files::Files::Product" /* Files.framework */; };
		OBJ_71 /* Package.swift in Sources */ = {isa = PBXBuildFile; fileRef = OBJ_6 /* Package.swift */; };
		OBJ_82 /* AppIconResizerTests.swift in Sources */ = {isa = PBXBuildFile; fileRef = OBJ_16 /* AppIconResizerTests.swift */; };
		OBJ_83 /* XCTestManifests.swift in Sources */ = {isa = PBXBuildFile; fileRef = OBJ_17 /* XCTestManifests.swift */; };
		OBJ_85 /* AppIconResizerCore.framework in Frameworks */ = {isa = PBXBuildFile; fileRef = "AppIconResizer::AppIconResizerCore::Product" /* AppIconResizerCore.framework */; };
		OBJ_86 /* Commander.framework in Frameworks */ = {isa = PBXBuildFile; fileRef = "Commander::Commander::Product" /* Commander.framework */; };
		OBJ_87 /* Files.framework in Frameworks */ = {isa = PBXBuildFile; fileRef = "Files::Files::Product" /* Files.framework */; };
		OBJ_96 /* ArgumentConvertible.swift in Sources */ = {isa = PBXBuildFile; fileRef = OBJ_21 /* ArgumentConvertible.swift */; };
		OBJ_97 /* ArgumentDescription.swift in Sources */ = {isa = PBXBuildFile; fileRef = OBJ_22 /* ArgumentDescription.swift */; };
		OBJ_98 /* ArgumentParser.swift in Sources */ = {isa = PBXBuildFile; fileRef = OBJ_23 /* ArgumentParser.swift */; };
		OBJ_99 /* Command.swift in Sources */ = {isa = PBXBuildFile; fileRef = OBJ_24 /* Command.swift */; };
/* End PBXBuildFile section */

/* Begin PBXContainerItemProxy section */
		716B0AF52226D1FA00C7A339 /* PBXContainerItemProxy */ = {
			isa = PBXContainerItemProxy;
			containerPortal = OBJ_1 /* Project object */;
			proxyType = 1;
			remoteGlobalIDString = "Commander::Commander";
			remoteInfo = Commander;
		};
		716B0AF62226D1FA00C7A339 /* PBXContainerItemProxy */ = {
			isa = PBXContainerItemProxy;
			containerPortal = OBJ_1 /* Project object */;
			proxyType = 1;
			remoteGlobalIDString = "Files::Files";
			remoteInfo = Files;
		};
		716B0AF72226D1FA00C7A339 /* PBXContainerItemProxy */ = {
			isa = PBXContainerItemProxy;
			containerPortal = OBJ_1 /* Project object */;
			proxyType = 1;
			remoteGlobalIDString = "AppIconResizer::AppIconResizerCore";
			remoteInfo = AppIconResizerCore;
		};
		716B0AF82226D1FA00C7A339 /* PBXContainerItemProxy */ = {
			isa = PBXContainerItemProxy;
			containerPortal = OBJ_1 /* Project object */;
			proxyType = 1;
			remoteGlobalIDString = "Commander::Commander";
			remoteInfo = Commander;
		};
		716B0AF92226D1FA00C7A339 /* PBXContainerItemProxy */ = {
			isa = PBXContainerItemProxy;
			containerPortal = OBJ_1 /* Project object */;
			proxyType = 1;
			remoteGlobalIDString = "Files::Files";
			remoteInfo = Files;
		};
		716B0AFA2226D1FA00C7A339 /* PBXContainerItemProxy */ = {
			isa = PBXContainerItemProxy;
			containerPortal = OBJ_1 /* Project object */;
			proxyType = 1;
			remoteGlobalIDString = "AppIconResizer::AppIconResizer";
			remoteInfo = AppIconResizer;
		};
		716B0AFB2226D1FA00C7A339 /* PBXContainerItemProxy */ = {
			isa = PBXContainerItemProxy;
			containerPortal = OBJ_1 /* Project object */;
			proxyType = 1;
			remoteGlobalIDString = "AppIconResizer::AppIconResizerCore";
			remoteInfo = AppIconResizerCore;
		};
		716B0AFC2226D1FA00C7A339 /* PBXContainerItemProxy */ = {
			isa = PBXContainerItemProxy;
			containerPortal = OBJ_1 /* Project object */;
			proxyType = 1;
			remoteGlobalIDString = "Commander::Commander";
			remoteInfo = Commander;
		};
		716B0AFD2226D1FA00C7A339 /* PBXContainerItemProxy */ = {
			isa = PBXContainerItemProxy;
			containerPortal = OBJ_1 /* Project object */;
			proxyType = 1;
			remoteGlobalIDString = "Files::Files";
			remoteInfo = Files;
		};
		716B0AFE2226D1FC00C7A339 /* PBXContainerItemProxy */ = {
			isa = PBXContainerItemProxy;
			containerPortal = OBJ_1 /* Project object */;
			proxyType = 1;
			remoteGlobalIDString = "AppIconResizer::AppIconResizerTests";
			remoteInfo = AppIconResizerTests;
		};
		716B0AFF2226D1FC00C7A339 /* PBXContainerItemProxy */ = {
			isa = PBXContainerItemProxy;
			containerPortal = OBJ_1 /* Project object */;
			proxyType = 1;
			remoteGlobalIDString = "AppIconResizer::AppIconResizer";
			remoteInfo = AppIconResizer;
		};
/* End PBXContainerItemProxy section */

/* Begin PBXFileReference section */
		716B0B002226DACD00C7A339 /* Idiom.swift */ = {isa = PBXFileReference; lastKnownFileType = sourcecode.swift; path = Idiom.swift; sourceTree = "<group>"; };
		716B0B022226DAEF00C7A339 /* VirtualDevice.swift */ = {isa = PBXFileReference; lastKnownFileType = sourcecode.swift; path = VirtualDevice.swift; sourceTree = "<group>"; };
		"AppIconResizer::AppIconResizer::Product" /* AppIconResizer */ = {isa = PBXFileReference; lastKnownFileType = text; path = AppIconResizer; sourceTree = BUILT_PRODUCTS_DIR; };
		"AppIconResizer::AppIconResizerCore::Product" /* AppIconResizerCore.framework */ = {isa = PBXFileReference; lastKnownFileType = wrapper.framework; path = AppIconResizerCore.framework; sourceTree = BUILT_PRODUCTS_DIR; };
		"AppIconResizer::AppIconResizerTests::Product" /* AppIconResizerTests.xctest */ = {isa = PBXFileReference; lastKnownFileType = file; path = AppIconResizerTests.xctest; sourceTree = BUILT_PRODUCTS_DIR; };
		"Commander::Commander::Product" /* Commander.framework */ = {isa = PBXFileReference; lastKnownFileType = wrapper.framework; path = Commander.framework; sourceTree = BUILT_PRODUCTS_DIR; };
		"Files::Files::Product" /* Files.framework */ = {isa = PBXFileReference; lastKnownFileType = wrapper.framework; path = Files.framework; sourceTree = BUILT_PRODUCTS_DIR; };
		OBJ_11 /* AppIconResizer.swift */ = {isa = PBXFileReference; lastKnownFileType = sourcecode.swift; path = AppIconResizer.swift; sourceTree = "<group>"; };
		OBJ_13 /* main.swift */ = {isa = PBXFileReference; lastKnownFileType = sourcecode.swift; path = main.swift; sourceTree = "<group>"; };
		OBJ_16 /* AppIconResizerTests.swift */ = {isa = PBXFileReference; lastKnownFileType = sourcecode.swift; path = AppIconResizerTests.swift; sourceTree = "<group>"; };
		OBJ_17 /* XCTestManifests.swift */ = {isa = PBXFileReference; lastKnownFileType = sourcecode.swift; path = XCTestManifests.swift; sourceTree = "<group>"; };
		OBJ_21 /* ArgumentConvertible.swift */ = {isa = PBXFileReference; lastKnownFileType = sourcecode.swift; path = ArgumentConvertible.swift; sourceTree = "<group>"; };
		OBJ_22 /* ArgumentDescription.swift */ = {isa = PBXFileReference; lastKnownFileType = sourcecode.swift; path = ArgumentDescription.swift; sourceTree = "<group>"; };
		OBJ_23 /* ArgumentParser.swift */ = {isa = PBXFileReference; lastKnownFileType = sourcecode.swift; path = ArgumentParser.swift; sourceTree = "<group>"; };
		OBJ_24 /* Command.swift */ = {isa = PBXFileReference; lastKnownFileType = sourcecode.swift; path = Command.swift; sourceTree = "<group>"; };
		OBJ_25 /* CommandRunner.swift */ = {isa = PBXFileReference; lastKnownFileType = sourcecode.swift; path = CommandRunner.swift; sourceTree = "<group>"; };
		OBJ_26 /* CommandType.swift */ = {isa = PBXFileReference; lastKnownFileType = sourcecode.swift; path = CommandType.swift; sourceTree = "<group>"; };
		OBJ_27 /* Commands.swift */ = {isa = PBXFileReference; lastKnownFileType = sourcecode.swift; path = Commands.swift; sourceTree = "<group>"; };
		OBJ_28 /* Error.swift */ = {isa = PBXFileReference; lastKnownFileType = sourcecode.swift; path = Error.swift; sourceTree = "<group>"; };
		OBJ_29 /* Group.swift */ = {isa = PBXFileReference; lastKnownFileType = sourcecode.swift; path = Group.swift; sourceTree = "<group>"; };
		OBJ_30 /* Package.swift */ = {isa = PBXFileReference; explicitFileType = sourcecode.swift; name = Package.swift; path = "/Users/alexanderklauer/dev/AppIconResizer/.build/checkouts/Commander.git--2747661448298700407/Package.swift"; sourceTree = "<group>"; };
		OBJ_32 /* Package.swift */ = {isa = PBXFileReference; explicitFileType = sourcecode.swift; name = Package.swift; path = "/Users/alexanderklauer/dev/AppIconResizer/.build/checkouts/Files.git-1170802021967264899/Package.swift"; sourceTree = "<group>"; };
		OBJ_33 /* Files.swift */ = {isa = PBXFileReference; lastKnownFileType = sourcecode.swift; path = Files.swift; sourceTree = "<group>"; };
		OBJ_6 /* Package.swift */ = {isa = PBXFileReference; explicitFileType = sourcecode.swift; path = Package.swift; sourceTree = "<group>"; };
		OBJ_8 /* macos.xcconfig */ = {isa = PBXFileReference; lastKnownFileType = text.xcconfig; path = macos.xcconfig; sourceTree = "<group>"; };
/* End PBXFileReference section */

/* Begin PBXFrameworksBuildPhase section */
		OBJ_105 /* Frameworks */ = {
			isa = PBXFrameworksBuildPhase;
			buildActionMask = 0;
			files = (
			);
			runOnlyForDeploymentPostprocessing = 0;
		};
		OBJ_117 /* Frameworks */ = {
			isa = PBXFrameworksBuildPhase;
			buildActionMask = 0;
			files = (
			);
			runOnlyForDeploymentPostprocessing = 0;
		};
		OBJ_46 /* Frameworks */ = {
			isa = PBXFrameworksBuildPhase;
			buildActionMask = 0;
			files = (
				OBJ_47 /* AppIconResizerCore.framework in Frameworks */,
				OBJ_48 /* Commander.framework in Frameworks */,
				OBJ_49 /* Files.framework in Frameworks */,
			);
			runOnlyForDeploymentPostprocessing = 0;
		};
		OBJ_61 /* Frameworks */ = {
			isa = PBXFrameworksBuildPhase;
			buildActionMask = 0;
			files = (
				OBJ_62 /* Commander.framework in Frameworks */,
				OBJ_63 /* Files.framework in Frameworks */,
			);
			runOnlyForDeploymentPostprocessing = 0;
		};
		OBJ_84 /* Frameworks */ = {
			isa = PBXFrameworksBuildPhase;
			buildActionMask = 0;
			files = (
				OBJ_85 /* AppIconResizerCore.framework in Frameworks */,
				OBJ_86 /* Commander.framework in Frameworks */,
				OBJ_87 /* Files.framework in Frameworks */,
			);
			runOnlyForDeploymentPostprocessing = 0;
		};
/* End PBXFrameworksBuildPhase section */

/* Begin PBXGroup section */
		OBJ_10 /* AppIconResizerCore */ = {
			isa = PBXGroup;
			children = (
				OBJ_11 /* AppIconResizer.swift */,
				716B0B002226DACD00C7A339 /* Idiom.swift */,
				716B0B022226DAEF00C7A339 /* VirtualDevice.swift */,
			);
			name = AppIconResizerCore;
			path = Sources/AppIconResizerCore;
			sourceTree = SOURCE_ROOT;
		};
		OBJ_12 /* AppIconResizer */ = {
			isa = PBXGroup;
			children = (
				OBJ_13 /* main.swift */,
			);
			name = AppIconResizer;
			path = Sources/AppIconResizer;
			sourceTree = SOURCE_ROOT;
		};
		OBJ_14 /* Tests */ = {
			isa = PBXGroup;
			children = (
				OBJ_15 /* AppIconResizerTests */,
			);
			name = Tests;
			sourceTree = SOURCE_ROOT;
		};
		OBJ_15 /* AppIconResizerTests */ = {
			isa = PBXGroup;
			children = (
				OBJ_16 /* AppIconResizerTests.swift */,
				OBJ_17 /* XCTestManifests.swift */,
			);
			name = AppIconResizerTests;
			path = Tests/AppIconResizerTests;
			sourceTree = SOURCE_ROOT;
		};
		OBJ_18 /* Dependencies */ = {
			isa = PBXGroup;
			children = (
				OBJ_19 /* Commander 0.8.0 */,
				OBJ_31 /* Files 2.2.1 */,
			);
			name = Dependencies;
			sourceTree = "<group>";
		};
		OBJ_19 /* Commander 0.8.0 */ = {
			isa = PBXGroup;
			children = (
				OBJ_20 /* Commander */,
				OBJ_30 /* Package.swift */,
			);
			name = "Commander 0.8.0";
			sourceTree = SOURCE_ROOT;
		};
		OBJ_20 /* Commander */ = {
			isa = PBXGroup;
			children = (
				OBJ_21 /* ArgumentConvertible.swift */,
				OBJ_22 /* ArgumentDescription.swift */,
				OBJ_23 /* ArgumentParser.swift */,
				OBJ_24 /* Command.swift */,
				OBJ_25 /* CommandRunner.swift */,
				OBJ_26 /* CommandType.swift */,
				OBJ_27 /* Commands.swift */,
				OBJ_28 /* Error.swift */,
				OBJ_29 /* Group.swift */,
			);
			name = Commander;
			path = ".build/checkouts/Commander.git--2747661448298700407/Sources/Commander";
			sourceTree = SOURCE_ROOT;
		};
		OBJ_31 /* Files 2.2.1 */ = {
			isa = PBXGroup;
			children = (
				OBJ_32 /* Package.swift */,
				OBJ_33 /* Files.swift */,
			);
			name = "Files 2.2.1";
			path = ".build/checkouts/Files.git-1170802021967264899/Sources";
			sourceTree = SOURCE_ROOT;
		};
		OBJ_34 /* Products */ = {
			isa = PBXGroup;
			children = (
				"AppIconResizer::AppIconResizer::Product" /* AppIconResizer */,
				"AppIconResizer::AppIconResizerTests::Product" /* AppIconResizerTests.xctest */,
				"Commander::Commander::Product" /* Commander.framework */,
				"Files::Files::Product" /* Files.framework */,
				"AppIconResizer::AppIconResizerCore::Product" /* AppIconResizerCore.framework */,
			);
			name = Products;
			sourceTree = BUILT_PRODUCTS_DIR;
		};
		OBJ_5 /*  */ = {
			isa = PBXGroup;
			children = (
				OBJ_6 /* Package.swift */,
				OBJ_7 /* Configs */,
				OBJ_9 /* Sources */,
				OBJ_14 /* Tests */,
				OBJ_18 /* Dependencies */,
				OBJ_34 /* Products */,
			);
			name = "";
			sourceTree = "<group>";
		};
		OBJ_7 /* Configs */ = {
			isa = PBXGroup;
			children = (
				OBJ_8 /* macos.xcconfig */,
			);
			name = Configs;
			sourceTree = "<group>";
		};
		OBJ_9 /* Sources */ = {
			isa = PBXGroup;
			children = (
				OBJ_10 /* AppIconResizerCore */,
				OBJ_12 /* AppIconResizer */,
			);
			name = Sources;
			sourceTree = SOURCE_ROOT;
		};
/* End PBXGroup section */

/* Begin PBXNativeTarget section */
		"AppIconResizer::AppIconResizer" /* AppIconResizer */ = {
			isa = PBXNativeTarget;
			buildConfigurationList = OBJ_41 /* Build configuration list for PBXNativeTarget "AppIconResizer" */;
			buildPhases = (
				OBJ_44 /* Sources */,
				OBJ_46 /* Frameworks */,
			);
			buildRules = (
			);
			dependencies = (
				OBJ_50 /* PBXTargetDependency */,
				OBJ_52 /* PBXTargetDependency */,
				OBJ_54 /* PBXTargetDependency */,
			);
			name = AppIconResizer;
			productName = AppIconResizer;
			productReference = "AppIconResizer::AppIconResizer::Product" /* AppIconResizer */;
			productType = "com.apple.product-type.tool";
		};
		"AppIconResizer::AppIconResizerCore" /* AppIconResizerCore */ = {
			isa = PBXNativeTarget;
			buildConfigurationList = OBJ_56 /* Build configuration list for PBXNativeTarget "AppIconResizerCore" */;
			buildPhases = (
				OBJ_59 /* Sources */,
				OBJ_61 /* Frameworks */,
			);
			buildRules = (
			);
			dependencies = (
				OBJ_64 /* PBXTargetDependency */,
				OBJ_65 /* PBXTargetDependency */,
			);
			name = AppIconResizerCore;
			productName = AppIconResizerCore;
			productReference = "AppIconResizer::AppIconResizerCore::Product" /* AppIconResizerCore.framework */;
			productType = "com.apple.product-type.framework";
		};
		"AppIconResizer::AppIconResizerTests" /* AppIconResizerTests */ = {
			isa = PBXNativeTarget;
			buildConfigurationList = OBJ_78 /* Build configuration list for PBXNativeTarget "AppIconResizerTests" */;
			buildPhases = (
				OBJ_81 /* Sources */,
				OBJ_84 /* Frameworks */,
			);
			buildRules = (
			);
			dependencies = (
				OBJ_88 /* PBXTargetDependency */,
				OBJ_89 /* PBXTargetDependency */,
				OBJ_90 /* PBXTargetDependency */,
				OBJ_91 /* PBXTargetDependency */,
			);
			name = AppIconResizerTests;
			productName = AppIconResizerTests;
			productReference = "AppIconResizer::AppIconResizerTests::Product" /* AppIconResizerTests.xctest */;
			productType = "com.apple.product-type.bundle.unit-test";
		};
		"AppIconResizer::SwiftPMPackageDescription" /* AppIconResizerPackageDescription */ = {
			isa = PBXNativeTarget;
			buildConfigurationList = OBJ_67 /* Build configuration list for PBXNativeTarget "AppIconResizerPackageDescription" */;
			buildPhases = (
				OBJ_70 /* Sources */,
			);
			buildRules = (
			);
			dependencies = (
			);
			name = AppIconResizerPackageDescription;
			productName = AppIconResizerPackageDescription;
			productType = "com.apple.product-type.framework";
		};
		"Commander::Commander" /* Commander */ = {
			isa = PBXNativeTarget;
			buildConfigurationList = OBJ_92 /* Build configuration list for PBXNativeTarget "Commander" */;
			buildPhases = (
				OBJ_95 /* Sources */,
				OBJ_105 /* Frameworks */,
			);
			buildRules = (
			);
			dependencies = (
			);
			name = Commander;
			productName = Commander;
			productReference = "Commander::Commander::Product" /* Commander.framework */;
			productType = "com.apple.product-type.framework";
		};
		"Commander::SwiftPMPackageDescription" /* CommanderPackageDescription */ = {
			isa = PBXNativeTarget;
			buildConfigurationList = OBJ_107 /* Build configuration list for PBXNativeTarget "CommanderPackageDescription" */;
			buildPhases = (
				OBJ_110 /* Sources */,
			);
			buildRules = (
			);
			dependencies = (
			);
			name = CommanderPackageDescription;
			productName = CommanderPackageDescription;
			productType = "com.apple.product-type.framework";
		};
		"Files::Files" /* Files */ = {
			isa = PBXNativeTarget;
			buildConfigurationList = OBJ_112 /* Build configuration list for PBXNativeTarget "Files" */;
			buildPhases = (
				OBJ_115 /* Sources */,
				OBJ_117 /* Frameworks */,
			);
			buildRules = (
			);
			dependencies = (
			);
			name = Files;
			productName = Files;
			productReference = "Files::Files::Product" /* Files.framework */;
			productType = "com.apple.product-type.framework";
		};
		"Files::SwiftPMPackageDescription" /* FilesPackageDescription */ = {
			isa = PBXNativeTarget;
			buildConfigurationList = OBJ_119 /* Build configuration list for PBXNativeTarget "FilesPackageDescription" */;
			buildPhases = (
				OBJ_122 /* Sources */,
			);
			buildRules = (
			);
			dependencies = (
			);
			name = FilesPackageDescription;
			productName = FilesPackageDescription;
			productType = "com.apple.product-type.framework";
		};
/* End PBXNativeTarget section */

/* Begin PBXProject section */
		OBJ_1 /* Project object */ = {
			isa = PBXProject;
			attributes = {
				LastUpgradeCheck = 9999;
			};
			buildConfigurationList = OBJ_2 /* Build configuration list for PBXProject "AppIconResizer" */;
			compatibilityVersion = "Xcode 3.2";
			developmentRegion = English;
			hasScannedForEncodings = 0;
			knownRegions = (
				en,
			);
			mainGroup = OBJ_5 /*  */;
			productRefGroup = OBJ_34 /* Products */;
			projectDirPath = "";
			projectRoot = "";
			targets = (
				"AppIconResizer::AppIconResizer" /* AppIconResizer */,
				"AppIconResizer::AppIconResizerCore" /* AppIconResizerCore */,
				"AppIconResizer::SwiftPMPackageDescription" /* AppIconResizerPackageDescription */,
				"AppIconResizer::AppIconResizerPackageTests::ProductTarget" /* AppIconResizerPackageTests */,
				"AppIconResizer::AppIconResizerTests" /* AppIconResizerTests */,
				"Commander::Commander" /* Commander */,
				"Commander::SwiftPMPackageDescription" /* CommanderPackageDescription */,
				"Files::Files" /* Files */,
				"Files::SwiftPMPackageDescription" /* FilesPackageDescription */,
				"AppIconResizer::icon-resizer::ProductTarget" /* icon-resizer */,
			);
		};
/* End PBXProject section */

/* Begin PBXSourcesBuildPhase section */
		OBJ_110 /* Sources */ = {
			isa = PBXSourcesBuildPhase;
			buildActionMask = 0;
			files = (
				OBJ_111 /* Package.swift in Sources */,
			);
			runOnlyForDeploymentPostprocessing = 0;
		};
		OBJ_115 /* Sources */ = {
			isa = PBXSourcesBuildPhase;
			buildActionMask = 0;
			files = (
				OBJ_116 /* Files.swift in Sources */,
			);
			runOnlyForDeploymentPostprocessing = 0;
		};
		OBJ_122 /* Sources */ = {
			isa = PBXSourcesBuildPhase;
			buildActionMask = 0;
			files = (
				OBJ_123 /* Package.swift in Sources */,
			);
			runOnlyForDeploymentPostprocessing = 0;
		};
		OBJ_44 /* Sources */ = {
			isa = PBXSourcesBuildPhase;
			buildActionMask = 0;
			files = (
				OBJ_45 /* main.swift in Sources */,
			);
			runOnlyForDeploymentPostprocessing = 0;
		};
		OBJ_59 /* Sources */ = {
			isa = PBXSourcesBuildPhase;
			buildActionMask = 0;
			files = (
				OBJ_60 /* AppIconResizer.swift in Sources */,
				716B0B032226DAEF00C7A339 /* VirtualDevice.swift in Sources */,
				716B0B012226DACD00C7A339 /* Idiom.swift in Sources */,
			);
			runOnlyForDeploymentPostprocessing = 0;
		};
		OBJ_70 /* Sources */ = {
			isa = PBXSourcesBuildPhase;
			buildActionMask = 0;
			files = (
				OBJ_71 /* Package.swift in Sources */,
			);
			runOnlyForDeploymentPostprocessing = 0;
		};
		OBJ_81 /* Sources */ = {
			isa = PBXSourcesBuildPhase;
			buildActionMask = 0;
			files = (
				OBJ_82 /* AppIconResizerTests.swift in Sources */,
				OBJ_83 /* XCTestManifests.swift in Sources */,
			);
			runOnlyForDeploymentPostprocessing = 0;
		};
		OBJ_95 /* Sources */ = {
			isa = PBXSourcesBuildPhase;
			buildActionMask = 0;
			files = (
				OBJ_96 /* ArgumentConvertible.swift in Sources */,
				OBJ_97 /* ArgumentDescription.swift in Sources */,
				OBJ_98 /* ArgumentParser.swift in Sources */,
				OBJ_99 /* Command.swift in Sources */,
				OBJ_100 /* CommandRunner.swift in Sources */,
				OBJ_101 /* CommandType.swift in Sources */,
				OBJ_102 /* Commands.swift in Sources */,
				OBJ_103 /* Error.swift in Sources */,
				OBJ_104 /* Group.swift in Sources */,
			);
			runOnlyForDeploymentPostprocessing = 0;
		};
/* End PBXSourcesBuildPhase section */

/* Begin PBXTargetDependency section */
		OBJ_128 /* PBXTargetDependency */ = {
			isa = PBXTargetDependency;
			target = "AppIconResizer::AppIconResizer" /* AppIconResizer */;
			targetProxy = 716B0AFF2226D1FC00C7A339 /* PBXContainerItemProxy */;
		};
		OBJ_50 /* PBXTargetDependency */ = {
			isa = PBXTargetDependency;
			target = "AppIconResizer::AppIconResizerCore" /* AppIconResizerCore */;
			targetProxy = 716B0AF72226D1FA00C7A339 /* PBXContainerItemProxy */;
		};
		OBJ_52 /* PBXTargetDependency */ = {
			isa = PBXTargetDependency;
			target = "Commander::Commander" /* Commander */;
			targetProxy = 716B0AF82226D1FA00C7A339 /* PBXContainerItemProxy */;
		};
		OBJ_54 /* PBXTargetDependency */ = {
			isa = PBXTargetDependency;
			target = "Files::Files" /* Files */;
			targetProxy = 716B0AF92226D1FA00C7A339 /* PBXContainerItemProxy */;
		};
		OBJ_64 /* PBXTargetDependency */ = {
			isa = PBXTargetDependency;
			target = "Commander::Commander" /* Commander */;
			targetProxy = 716B0AF52226D1FA00C7A339 /* PBXContainerItemProxy */;
		};
		OBJ_65 /* PBXTargetDependency */ = {
			isa = PBXTargetDependency;
			target = "Files::Files" /* Files */;
			targetProxy = 716B0AF62226D1FA00C7A339 /* PBXContainerItemProxy */;
		};
		OBJ_76 /* PBXTargetDependency */ = {
			isa = PBXTargetDependency;
			target = "AppIconResizer::AppIconResizerTests" /* AppIconResizerTests */;
			targetProxy = 716B0AFE2226D1FC00C7A339 /* PBXContainerItemProxy */;
		};
		OBJ_88 /* PBXTargetDependency */ = {
			isa = PBXTargetDependency;
			target = "AppIconResizer::AppIconResizer" /* AppIconResizer */;
			targetProxy = 716B0AFA2226D1FA00C7A339 /* PBXContainerItemProxy */;
		};
		OBJ_89 /* PBXTargetDependency */ = {
			isa = PBXTargetDependency;
			target = "AppIconResizer::AppIconResizerCore" /* AppIconResizerCore */;
			targetProxy = 716B0AFB2226D1FA00C7A339 /* PBXContainerItemProxy */;
		};
		OBJ_90 /* PBXTargetDependency */ = {
			isa = PBXTargetDependency;
			target = "Commander::Commander" /* Commander */;
			targetProxy = 716B0AFC2226D1FA00C7A339 /* PBXContainerItemProxy */;
		};
		OBJ_91 /* PBXTargetDependency */ = {
			isa = PBXTargetDependency;
			target = "Files::Files" /* Files */;
			targetProxy = 716B0AFD2226D1FA00C7A339 /* PBXContainerItemProxy */;
		};
/* End PBXTargetDependency section */

/* Begin XCBuildConfiguration section */
		OBJ_108 /* Debug */ = {
			isa = XCBuildConfiguration;
			buildSettings = {
				LD = /usr/bin/true;
				OTHER_SWIFT_FLAGS = "-swift-version 4 -I $(TOOLCHAIN_DIR)/usr/lib/swift/pm/4 -target x86_64-apple-macosx10.10 -sdk /Applications/Xcode.app/Contents/Developer/Platforms/MacOSX.platform/Developer/SDKs/MacOSX10.14.sdk";
				SWIFT_VERSION = 4.0;
			};
			name = Debug;
		};
		OBJ_109 /* Release */ = {
			isa = XCBuildConfiguration;
			buildSettings = {
				LD = /usr/bin/true;
				OTHER_SWIFT_FLAGS = "-swift-version 4 -I $(TOOLCHAIN_DIR)/usr/lib/swift/pm/4 -target x86_64-apple-macosx10.10 -sdk /Applications/Xcode.app/Contents/Developer/Platforms/MacOSX.platform/Developer/SDKs/MacOSX10.14.sdk";
				SWIFT_VERSION = 4.0;
			};
			name = Release;
		};
		OBJ_113 /* Debug */ = {
			isa = XCBuildConfiguration;
			baseConfigurationReference = OBJ_8 /* macos.xcconfig */;
			buildSettings = {
				ENABLE_TESTABILITY = YES;
				FRAMEWORK_SEARCH_PATHS = (
					"$(inherited)",
					"$(PLATFORM_DIR)/Developer/Library/Frameworks",
				);
				HEADER_SEARCH_PATHS = "$(inherited)";
				INFOPLIST_FILE = AppIconResizer.xcodeproj/Files_Info.plist;
				LD_RUNPATH_SEARCH_PATHS = "$(inherited) $(TOOLCHAIN_DIR)/usr/lib/swift/macosx";
				OTHER_CFLAGS = "$(inherited)";
				OTHER_LDFLAGS = "$(inherited)";
				OTHER_SWIFT_FLAGS = "$(inherited)";
				PRODUCT_BUNDLE_IDENTIFIER = Files;
				PRODUCT_MODULE_NAME = "$(TARGET_NAME:c99extidentifier)";
				PRODUCT_NAME = "$(TARGET_NAME:c99extidentifier)";
				SKIP_INSTALL = YES;
				SWIFT_ACTIVE_COMPILATION_CONDITIONS = "$(inherited)";
				SWIFT_VERSION = 4.0;
				TARGET_NAME = Files;
			};
			name = Debug;
		};
		OBJ_114 /* Release */ = {
			isa = XCBuildConfiguration;
			baseConfigurationReference = OBJ_8 /* macos.xcconfig */;
			buildSettings = {
				ENABLE_TESTABILITY = YES;
				FRAMEWORK_SEARCH_PATHS = (
					"$(inherited)",
					"$(PLATFORM_DIR)/Developer/Library/Frameworks",
				);
				HEADER_SEARCH_PATHS = "$(inherited)";
				INFOPLIST_FILE = AppIconResizer.xcodeproj/Files_Info.plist;
				LD_RUNPATH_SEARCH_PATHS = "$(inherited) $(TOOLCHAIN_DIR)/usr/lib/swift/macosx";
				OTHER_CFLAGS = "$(inherited)";
				OTHER_LDFLAGS = "$(inherited)";
				OTHER_SWIFT_FLAGS = "$(inherited)";
				PRODUCT_BUNDLE_IDENTIFIER = Files;
				PRODUCT_MODULE_NAME = "$(TARGET_NAME:c99extidentifier)";
				PRODUCT_NAME = "$(TARGET_NAME:c99extidentifier)";
				SKIP_INSTALL = YES;
				SWIFT_ACTIVE_COMPILATION_CONDITIONS = "$(inherited)";
				SWIFT_VERSION = 4.0;
				TARGET_NAME = Files;
			};
			name = Release;
		};
		OBJ_120 /* Debug */ = {
			isa = XCBuildConfiguration;
			buildSettings = {
				LD = /usr/bin/true;
				OTHER_SWIFT_FLAGS = "-swift-version 4 -I $(TOOLCHAIN_DIR)/usr/lib/swift/pm/4 -target x86_64-apple-macosx10.10 -sdk /Applications/Xcode.app/Contents/Developer/Platforms/MacOSX.platform/Developer/SDKs/MacOSX10.14.sdk";
				SWIFT_VERSION = 4.0;
			};
			name = Debug;
		};
		OBJ_121 /* Release */ = {
			isa = XCBuildConfiguration;
			buildSettings = {
				LD = /usr/bin/true;
				OTHER_SWIFT_FLAGS = "-swift-version 4 -I $(TOOLCHAIN_DIR)/usr/lib/swift/pm/4 -target x86_64-apple-macosx10.10 -sdk /Applications/Xcode.app/Contents/Developer/Platforms/MacOSX.platform/Developer/SDKs/MacOSX10.14.sdk";
				SWIFT_VERSION = 4.0;
			};
			name = Release;
		};
		OBJ_126 /* Debug */ = {
			isa = XCBuildConfiguration;
			buildSettings = {
			};
			name = Debug;
		};
		OBJ_127 /* Release */ = {
			isa = XCBuildConfiguration;
			buildSettings = {
			};
			name = Release;
		};
		OBJ_3 /* Debug */ = {
			isa = XCBuildConfiguration;
			buildSettings = {
				CLANG_ENABLE_OBJC_ARC = YES;
				COMBINE_HIDPI_IMAGES = YES;
				COPY_PHASE_STRIP = NO;
				DEBUG_INFORMATION_FORMAT = dwarf;
				DYLIB_INSTALL_NAME_BASE = "@rpath";
				ENABLE_NS_ASSERTIONS = YES;
				GCC_OPTIMIZATION_LEVEL = 0;
				GCC_PREPROCESSOR_DEFINITIONS = (
					"DEBUG=1",
					"$(inherited)",
				);
				MACOSX_DEPLOYMENT_TARGET = 10.10;
				ONLY_ACTIVE_ARCH = YES;
				OTHER_SWIFT_FLAGS = "-DXcode";
				PRODUCT_NAME = "$(TARGET_NAME)";
				SDKROOT = macosx;
				SUPPORTED_PLATFORMS = "macosx iphoneos iphonesimulator appletvos appletvsimulator watchos watchsimulator";
				SWIFT_ACTIVE_COMPILATION_CONDITIONS = "SWIFT_PACKAGE DEBUG";
				SWIFT_OPTIMIZATION_LEVEL = "-Onone";
				USE_HEADERMAP = NO;
			};
			name = Debug;
		};
		OBJ_4 /* Release */ = {
			isa = XCBuildConfiguration;
			buildSettings = {
				CLANG_ENABLE_OBJC_ARC = YES;
				COMBINE_HIDPI_IMAGES = YES;
				COPY_PHASE_STRIP = YES;
				DEBUG_INFORMATION_FORMAT = "dwarf-with-dsym";
				DYLIB_INSTALL_NAME_BASE = "@rpath";
				GCC_OPTIMIZATION_LEVEL = s;
				MACOSX_DEPLOYMENT_TARGET = 10.10;
				OTHER_SWIFT_FLAGS = "-DXcode";
				PRODUCT_NAME = "$(TARGET_NAME)";
				SDKROOT = macosx;
				SUPPORTED_PLATFORMS = "macosx iphoneos iphonesimulator appletvos appletvsimulator watchos watchsimulator";
				SWIFT_ACTIVE_COMPILATION_CONDITIONS = SWIFT_PACKAGE;
				SWIFT_OPTIMIZATION_LEVEL = "-Owholemodule";
				USE_HEADERMAP = NO;
			};
			name = Release;
		};
		OBJ_42 /* Debug */ = {
			isa = XCBuildConfiguration;
			baseConfigurationReference = OBJ_8 /* macos.xcconfig */;
			buildSettings = {
				FRAMEWORK_SEARCH_PATHS = (
					"$(inherited)",
					"$(PLATFORM_DIR)/Developer/Library/Frameworks",
				);
				HEADER_SEARCH_PATHS = "$(inherited)";
				INFOPLIST_FILE = AppIconResizer.xcodeproj/AppIconResizer_Info.plist;
				LD_RUNPATH_SEARCH_PATHS = "$(inherited) $(TOOLCHAIN_DIR)/usr/lib/swift/macosx @executable_path";
				OTHER_CFLAGS = "$(inherited)";
				OTHER_LDFLAGS = "$(inherited)";
				OTHER_SWIFT_FLAGS = "$(inherited)";
				SWIFT_ACTIVE_COMPILATION_CONDITIONS = "$(inherited)";
				SWIFT_FORCE_DYNAMIC_LINK_STDLIB = YES;
				SWIFT_FORCE_STATIC_LINK_STDLIB = NO;
				SWIFT_VERSION = 4.2;
				TARGET_NAME = AppIconResizer;
			};
			name = Debug;
		};
		OBJ_43 /* Release */ = {
			isa = XCBuildConfiguration;
			baseConfigurationReference = OBJ_8 /* macos.xcconfig */;
			buildSettings = {
				FRAMEWORK_SEARCH_PATHS = (
					"$(inherited)",
					"$(PLATFORM_DIR)/Developer/Library/Frameworks",
				);
				HEADER_SEARCH_PATHS = "$(inherited)";
				INFOPLIST_FILE = AppIconResizer.xcodeproj/AppIconResizer_Info.plist;
				LD_RUNPATH_SEARCH_PATHS = "$(inherited) $(TOOLCHAIN_DIR)/usr/lib/swift/macosx @executable_path";
				OTHER_CFLAGS = "$(inherited)";
				OTHER_LDFLAGS = "$(inherited)";
				OTHER_SWIFT_FLAGS = "$(inherited)";
				SWIFT_ACTIVE_COMPILATION_CONDITIONS = "$(inherited)";
				SWIFT_FORCE_DYNAMIC_LINK_STDLIB = YES;
				SWIFT_FORCE_STATIC_LINK_STDLIB = NO;
				SWIFT_VERSION = 4.2;
				TARGET_NAME = AppIconResizer;
			};
			name = Release;
		};
		OBJ_57 /* Debug */ = {
			isa = XCBuildConfiguration;
			baseConfigurationReference = OBJ_8 /* macos.xcconfig */;
			buildSettings = {
				ENABLE_TESTABILITY = YES;
				FRAMEWORK_SEARCH_PATHS = (
					"$(inherited)",
					"$(PLATFORM_DIR)/Developer/Library/Frameworks",
				);
				HEADER_SEARCH_PATHS = "$(inherited)";
				INFOPLIST_FILE = AppIconResizer.xcodeproj/AppIconResizerCore_Info.plist;
				LD_RUNPATH_SEARCH_PATHS = "$(inherited) $(TOOLCHAIN_DIR)/usr/lib/swift/macosx";
				OTHER_CFLAGS = "$(inherited)";
				OTHER_LDFLAGS = "$(inherited)";
				OTHER_SWIFT_FLAGS = "$(inherited)";
				PRODUCT_BUNDLE_IDENTIFIER = AppIconResizerCore;
				PRODUCT_MODULE_NAME = "$(TARGET_NAME:c99extidentifier)";
				PRODUCT_NAME = "$(TARGET_NAME:c99extidentifier)";
				SKIP_INSTALL = YES;
				SWIFT_ACTIVE_COMPILATION_CONDITIONS = "$(inherited)";
				SWIFT_VERSION = 4.2;
				TARGET_NAME = AppIconResizerCore;
			};
			name = Debug;
		};
		OBJ_58 /* Release */ = {
			isa = XCBuildConfiguration;
			baseConfigurationReference = OBJ_8 /* macos.xcconfig */;
			buildSettings = {
				ENABLE_TESTABILITY = YES;
				FRAMEWORK_SEARCH_PATHS = (
					"$(inherited)",
					"$(PLATFORM_DIR)/Developer/Library/Frameworks",
				);
				HEADER_SEARCH_PATHS = "$(inherited)";
				INFOPLIST_FILE = AppIconResizer.xcodeproj/AppIconResizerCore_Info.plist;
				LD_RUNPATH_SEARCH_PATHS = "$(inherited) $(TOOLCHAIN_DIR)/usr/lib/swift/macosx";
				OTHER_CFLAGS = "$(inherited)";
				OTHER_LDFLAGS = "$(inherited)";
				OTHER_SWIFT_FLAGS = "$(inherited)";
				PRODUCT_BUNDLE_IDENTIFIER = AppIconResizerCore;
				PRODUCT_MODULE_NAME = "$(TARGET_NAME:c99extidentifier)";
				PRODUCT_NAME = "$(TARGET_NAME:c99extidentifier)";
				SKIP_INSTALL = YES;
				SWIFT_ACTIVE_COMPILATION_CONDITIONS = "$(inherited)";
				SWIFT_VERSION = 4.2;
				TARGET_NAME = AppIconResizerCore;
			};
			name = Release;
		};
		OBJ_68 /* Debug */ = {
			isa = XCBuildConfiguration;
			buildSettings = {
				LD = /usr/bin/true;
				OTHER_SWIFT_FLAGS = "-swift-version 4.2 -I $(TOOLCHAIN_DIR)/usr/lib/swift/pm/4_2 -target x86_64-apple-macosx10.10 -sdk /Applications/Xcode.app/Contents/Developer/Platforms/MacOSX.platform/Developer/SDKs/MacOSX10.14.sdk";
				SWIFT_VERSION = 4.2;
			};
			name = Debug;
		};
		OBJ_69 /* Release */ = {
			isa = XCBuildConfiguration;
			buildSettings = {
				LD = /usr/bin/true;
				OTHER_SWIFT_FLAGS = "-swift-version 4.2 -I $(TOOLCHAIN_DIR)/usr/lib/swift/pm/4_2 -target x86_64-apple-macosx10.10 -sdk /Applications/Xcode.app/Contents/Developer/Platforms/MacOSX.platform/Developer/SDKs/MacOSX10.14.sdk";
				SWIFT_VERSION = 4.2;
			};
			name = Release;
		};
		OBJ_74 /* Debug */ = {
			isa = XCBuildConfiguration;
			buildSettings = {
			};
			name = Debug;
		};
		OBJ_75 /* Release */ = {
			isa = XCBuildConfiguration;
			buildSettings = {
			};
			name = Release;
		};
		OBJ_79 /* Debug */ = {
			isa = XCBuildConfiguration;
			baseConfigurationReference = OBJ_8 /* macos.xcconfig */;
			buildSettings = {
				CLANG_ENABLE_MODULES = YES;
				EMBEDDED_CONTENT_CONTAINS_SWIFT = YES;
				FRAMEWORK_SEARCH_PATHS = (
					"$(inherited)",
					"$(PLATFORM_DIR)/Developer/Library/Frameworks",
				);
				HEADER_SEARCH_PATHS = "$(inherited)";
				INFOPLIST_FILE = AppIconResizer.xcodeproj/AppIconResizerTests_Info.plist;
				LD_RUNPATH_SEARCH_PATHS = "$(inherited) @loader_path/../Frameworks @loader_path/Frameworks";
				OTHER_CFLAGS = "$(inherited)";
				OTHER_LDFLAGS = "$(inherited)";
				OTHER_SWIFT_FLAGS = "$(inherited)";
				SWIFT_ACTIVE_COMPILATION_CONDITIONS = "$(inherited)";
				SWIFT_VERSION = 4.2;
				TARGET_NAME = AppIconResizerTests;
			};
			name = Debug;
		};
		OBJ_80 /* Release */ = {
			isa = XCBuildConfiguration;
			baseConfigurationReference = OBJ_8 /* macos.xcconfig */;
			buildSettings = {
				CLANG_ENABLE_MODULES = YES;
				EMBEDDED_CONTENT_CONTAINS_SWIFT = YES;
				FRAMEWORK_SEARCH_PATHS = (
					"$(inherited)",
					"$(PLATFORM_DIR)/Developer/Library/Frameworks",
				);
				HEADER_SEARCH_PATHS = "$(inherited)";
				INFOPLIST_FILE = AppIconResizer.xcodeproj/AppIconResizerTests_Info.plist;
				LD_RUNPATH_SEARCH_PATHS = "$(inherited) @loader_path/../Frameworks @loader_path/Frameworks";
				OTHER_CFLAGS = "$(inherited)";
				OTHER_LDFLAGS = "$(inherited)";
				OTHER_SWIFT_FLAGS = "$(inherited)";
				SWIFT_ACTIVE_COMPILATION_CONDITIONS = "$(inherited)";
				SWIFT_VERSION = 4.2;
				TARGET_NAME = AppIconResizerTests;
			};
			name = Release;
		};
		OBJ_93 /* Debug */ = {
			isa = XCBuildConfiguration;
			baseConfigurationReference = OBJ_8 /* macos.xcconfig */;
			buildSettings = {
				ENABLE_TESTABILITY = YES;
				FRAMEWORK_SEARCH_PATHS = (
					"$(inherited)",
					"$(PLATFORM_DIR)/Developer/Library/Frameworks",
				);
				HEADER_SEARCH_PATHS = "$(inherited)";
				INFOPLIST_FILE = AppIconResizer.xcodeproj/Commander_Info.plist;
				LD_RUNPATH_SEARCH_PATHS = "$(inherited) $(TOOLCHAIN_DIR)/usr/lib/swift/macosx";
				OTHER_CFLAGS = "$(inherited)";
				OTHER_LDFLAGS = "$(inherited)";
				OTHER_SWIFT_FLAGS = "$(inherited)";
				PRODUCT_BUNDLE_IDENTIFIER = Commander;
				PRODUCT_MODULE_NAME = "$(TARGET_NAME:c99extidentifier)";
				PRODUCT_NAME = "$(TARGET_NAME:c99extidentifier)";
				SKIP_INSTALL = YES;
				SWIFT_ACTIVE_COMPILATION_CONDITIONS = "$(inherited)";
				SWIFT_VERSION = 4.0;
				TARGET_NAME = Commander;
			};
			name = Debug;
		};
		OBJ_94 /* Release */ = {
			isa = XCBuildConfiguration;
			baseConfigurationReference = OBJ_8 /* macos.xcconfig */;
			buildSettings = {
				ENABLE_TESTABILITY = YES;
				FRAMEWORK_SEARCH_PATHS = (
					"$(inherited)",
					"$(PLATFORM_DIR)/Developer/Library/Frameworks",
				);
				HEADER_SEARCH_PATHS = "$(inherited)";
				INFOPLIST_FILE = AppIconResizer.xcodeproj/Commander_Info.plist;
				LD_RUNPATH_SEARCH_PATHS = "$(inherited) $(TOOLCHAIN_DIR)/usr/lib/swift/macosx";
				OTHER_CFLAGS = "$(inherited)";
				OTHER_LDFLAGS = "$(inherited)";
				OTHER_SWIFT_FLAGS = "$(inherited)";
				PRODUCT_BUNDLE_IDENTIFIER = Commander;
				PRODUCT_MODULE_NAME = "$(TARGET_NAME:c99extidentifier)";
				PRODUCT_NAME = "$(TARGET_NAME:c99extidentifier)";
				SKIP_INSTALL = YES;
				SWIFT_ACTIVE_COMPILATION_CONDITIONS = "$(inherited)";
				SWIFT_VERSION = 4.0;
				TARGET_NAME = Commander;
			};
			name = Release;
		};
/* End XCBuildConfiguration section */

/* Begin XCConfigurationList section */
		OBJ_107 /* Build configuration list for PBXNativeTarget "CommanderPackageDescription" */ = {
			isa = XCConfigurationList;
			buildConfigurations = (
				OBJ_108 /* Debug */,
				OBJ_109 /* Release */,
			);
			defaultConfigurationIsVisible = 0;
			defaultConfigurationName = Release;
		};
		OBJ_112 /* Build configuration list for PBXNativeTarget "Files" */ = {
			isa = XCConfigurationList;
			buildConfigurations = (
				OBJ_113 /* Debug */,
				OBJ_114 /* Release */,
			);
			defaultConfigurationIsVisible = 0;
			defaultConfigurationName = Release;
		};
		OBJ_119 /* Build configuration list for PBXNativeTarget "FilesPackageDescription" */ = {
			isa = XCConfigurationList;
			buildConfigurations = (
				OBJ_120 /* Debug */,
				OBJ_121 /* Release */,
			);
			defaultConfigurationIsVisible = 0;
			defaultConfigurationName = Release;
		};
		OBJ_125 /* Build configuration list for PBXAggregateTarget "icon-resizer" */ = {
			isa = XCConfigurationList;
			buildConfigurations = (
				OBJ_126 /* Debug */,
				OBJ_127 /* Release */,
			);
			defaultConfigurationIsVisible = 0;
			defaultConfigurationName = Release;
		};
		OBJ_2 /* Build configuration list for PBXProject "AppIconResizer" */ = {
			isa = XCConfigurationList;
			buildConfigurations = (
				OBJ_3 /* Debug */,
				OBJ_4 /* Release */,
			);
			defaultConfigurationIsVisible = 0;
			defaultConfigurationName = Release;
		};
		OBJ_41 /* Build configuration list for PBXNativeTarget "AppIconResizer" */ = {
			isa = XCConfigurationList;
			buildConfigurations = (
				OBJ_42 /* Debug */,
				OBJ_43 /* Release */,
			);
			defaultConfigurationIsVisible = 0;
			defaultConfigurationName = Release;
		};
		OBJ_56 /* Build configuration list for PBXNativeTarget "AppIconResizerCore" */ = {
			isa = XCConfigurationList;
			buildConfigurations = (
				OBJ_57 /* Debug */,
				OBJ_58 /* Release */,
			);
			defaultConfigurationIsVisible = 0;
			defaultConfigurationName = Release;
		};
		OBJ_67 /* Build configuration list for PBXNativeTarget "AppIconResizerPackageDescription" */ = {
			isa = XCConfigurationList;
			buildConfigurations = (
				OBJ_68 /* Debug */,
				OBJ_69 /* Release */,
			);
			defaultConfigurationIsVisible = 0;
			defaultConfigurationName = Release;
		};
		OBJ_73 /* Build configuration list for PBXAggregateTarget "AppIconResizerPackageTests" */ = {
			isa = XCConfigurationList;
			buildConfigurations = (
				OBJ_74 /* Debug */,
				OBJ_75 /* Release */,
			);
			defaultConfigurationIsVisible = 0;
			defaultConfigurationName = Release;
		};
		OBJ_78 /* Build configuration list for PBXNativeTarget "AppIconResizerTests" */ = {
			isa = XCConfigurationList;
			buildConfigurations = (
				OBJ_79 /* Debug */,
				OBJ_80 /* Release */,
			);
			defaultConfigurationIsVisible = 0;
			defaultConfigurationName = Release;
		};
		OBJ_92 /* Build configuration list for PBXNativeTarget "Commander" */ = {
			isa = XCConfigurationList;
			buildConfigurations = (
				OBJ_93 /* Debug */,
				OBJ_94 /* Release */,
			);
			defaultConfigurationIsVisible = 0;
			defaultConfigurationName = Release;
		};
/* End XCConfigurationList section */
	};
	rootObject = OBJ_1 /* Project object */;
}
