// !$*UTF8*$!
{
   archiveVersion = "1";
   objectVersion = "46";
   objects = {
      "AppIconResizer::AppIconResizer" = {
         isa = "PBXNativeTarget";
         buildConfigurationList = "OBJ_51";
         buildPhases = (
            "OBJ_54",
            "OBJ_56"
         );
         dependencies = (
            "OBJ_59",
            "OBJ_61"
         );
         name = "AppIconResizer";
         productName = "AppIconResizer";
         productReference = "AppIconResizer::AppIconResizer::Product";
         productType = "com.apple.product-type.tool";
      };
      "AppIconResizer::AppIconResizer::Product" = {
         isa = "PBXFileReference";
         path = "AppIconResizer";
         sourceTree = "BUILT_PRODUCTS_DIR";
      };
      "AppIconResizer::AppIconResizerCore" = {
         isa = "PBXNativeTarget";
         buildConfigurationList = "OBJ_63";
         buildPhases = (
            "OBJ_66",
            "OBJ_76"
         );
         dependencies = (
            "OBJ_78"
         );
         name = "AppIconResizerCore";
         productName = "AppIconResizerCore";
         productReference = "AppIconResizer::AppIconResizerCore::Product";
         productType = "com.apple.product-type.framework";
      };
      "AppIconResizer::AppIconResizerCore::Product" = {
         isa = "PBXFileReference";
         path = "AppIconResizerCore.framework";
         sourceTree = "BUILT_PRODUCTS_DIR";
      };
      "AppIconResizer::AppIconResizerPackageTests::ProductTarget" = {
         isa = "PBXAggregateTarget";
         buildConfigurationList = "OBJ_86";
         buildPhases = (
         );
         dependencies = (
            "OBJ_89"
         );
         name = "AppIconResizerPackageTests";
         productName = "AppIconResizerPackageTests";
      };
      "AppIconResizer::AppIconResizerTests" = {
         isa = "PBXNativeTarget";
         buildConfigurationList = "OBJ_91";
         buildPhases = (
            "OBJ_94",
            "OBJ_97"
         );
         dependencies = (
            "OBJ_100",
            "OBJ_101",
            "OBJ_102"
         );
         name = "AppIconResizerTests";
         productName = "AppIconResizerTests";
         productReference = "AppIconResizer::AppIconResizerTests::Product";
         productType = "com.apple.product-type.bundle.unit-test";
      };
      "AppIconResizer::AppIconResizerTests::Product" = {
         isa = "PBXFileReference";
         path = "AppIconResizerTests.xctest";
         sourceTree = "BUILT_PRODUCTS_DIR";
      };
      "AppIconResizer::SwiftPMPackageDescription" = {
         isa = "PBXNativeTarget";
         buildConfigurationList = "OBJ_80";
         buildPhases = (
            "OBJ_83"
         );
         dependencies = (
         );
         name = "AppIconResizerPackageDescription";
         productName = "AppIconResizerPackageDescription";
         productType = "com.apple.product-type.framework";
      };
      "AppIconResizer::icon-resizer::ProductTarget" = {
         isa = "PBXAggregateTarget";
         buildConfigurationList = "OBJ_124";
         buildPhases = (
         );
         dependencies = (
            "OBJ_127"
         );
         name = "icon-resizer";
         productName = "icon-resizer";
      };
      "Commander::Commander" = {
         isa = "PBXNativeTarget";
         buildConfigurationList = "OBJ_103";
         buildPhases = (
            "OBJ_106",
            "OBJ_116"
         );
         dependencies = (
         );
         name = "Commander";
         productName = "Commander";
         productReference = "Commander::Commander::Product";
         productType = "com.apple.product-type.framework";
      };
      "Commander::Commander::Product" = {
         isa = "PBXFileReference";
         path = "Commander.framework";
         sourceTree = "BUILT_PRODUCTS_DIR";
      };
      "Commander::SwiftPMPackageDescription" = {
         isa = "PBXNativeTarget";
         buildConfigurationList = "OBJ_118";
         buildPhases = (
            "OBJ_121"
         );
         dependencies = (
         );
         name = "CommanderPackageDescription";
         productName = "CommanderPackageDescription";
         productType = "com.apple.product-type.framework";
      };
      "OBJ_1" = {
         isa = "PBXProject";
         attributes = {
            LastSwiftMigration = "9999";
            LastUpgradeCheck = "9999";
         };
         buildConfigurationList = "OBJ_2";
         compatibilityVersion = "Xcode 3.2";
         developmentRegion = "English";
         hasScannedForEncodings = "0";
         knownRegions = (
            "en"
         );
         mainGroup = "OBJ_5";
         productRefGroup = "OBJ_39";
         projectDirPath = ".";
         targets = (
            "AppIconResizer::AppIconResizer",
            "AppIconResizer::AppIconResizerCore",
            "AppIconResizer::SwiftPMPackageDescription",
            "AppIconResizer::AppIconResizerPackageTests::ProductTarget",
            "AppIconResizer::AppIconResizerTests",
            "Commander::Commander",
            "Commander::SwiftPMPackageDescription",
            "AppIconResizer::icon-resizer::ProductTarget"
         );
      };
      "OBJ_10" = {
         isa = "PBXGroup";
         children = (
            "OBJ_11"
         );
         name = "AppIconResizer";
         path = "Sources/AppIconResizer";
         sourceTree = "SOURCE_ROOT";
      };
      "OBJ_100" = {
         isa = "PBXTargetDependency";
         target = "AppIconResizer::AppIconResizer";
      };
      "OBJ_101" = {
         isa = "PBXTargetDependency";
         target = "AppIconResizer::AppIconResizerCore";
      };
      "OBJ_102" = {
         isa = "PBXTargetDependency";
         target = "Commander::Commander";
      };
      "OBJ_103" = {
         isa = "XCConfigurationList";
         buildConfigurations = (
            "OBJ_104",
            "OBJ_105"
         );
         defaultConfigurationIsVisible = "0";
         defaultConfigurationName = "Release";
      };
      "OBJ_104" = {
         isa = "XCBuildConfiguration";
         baseConfigurationReference = "OBJ_8";
         buildSettings = {
            ENABLE_TESTABILITY = "YES";
            FRAMEWORK_SEARCH_PATHS = (
               "$(inherited)",
               "$(PLATFORM_DIR)/Developer/Library/Frameworks"
            );
            HEADER_SEARCH_PATHS = (
               "$(inherited)"
            );
            INFOPLIST_FILE = "AppIconResizer.xcodeproj/Commander_Info.plist";
            LD_RUNPATH_SEARCH_PATHS = (
               "$(inherited)",
               "$(TOOLCHAIN_DIR)/usr/lib/swift/macosx"
            );
            OTHER_CFLAGS = (
               "$(inherited)"
            );
            OTHER_LDFLAGS = (
               "$(inherited)"
            );
            OTHER_SWIFT_FLAGS = (
               "$(inherited)"
            );
            PRODUCT_BUNDLE_IDENTIFIER = "Commander";
            PRODUCT_MODULE_NAME = "$(TARGET_NAME:c99extidentifier)";
            PRODUCT_NAME = "$(TARGET_NAME:c99extidentifier)";
            SKIP_INSTALL = "YES";
            SWIFT_ACTIVE_COMPILATION_CONDITIONS = (
               "$(inherited)"
            );
            SWIFT_VERSION = "4.0";
            TARGET_NAME = "Commander";
         };
         name = "Debug";
      };
      "OBJ_105" = {
         isa = "XCBuildConfiguration";
         baseConfigurationReference = "OBJ_8";
         buildSettings = {
            ENABLE_TESTABILITY = "YES";
            FRAMEWORK_SEARCH_PATHS = (
               "$(inherited)",
               "$(PLATFORM_DIR)/Developer/Library/Frameworks"
            );
            HEADER_SEARCH_PATHS = (
               "$(inherited)"
            );
            INFOPLIST_FILE = "AppIconResizer.xcodeproj/Commander_Info.plist";
            LD_RUNPATH_SEARCH_PATHS = (
               "$(inherited)",
               "$(TOOLCHAIN_DIR)/usr/lib/swift/macosx"
            );
            OTHER_CFLAGS = (
               "$(inherited)"
            );
            OTHER_LDFLAGS = (
               "$(inherited)"
            );
            OTHER_SWIFT_FLAGS = (
               "$(inherited)"
            );
            PRODUCT_BUNDLE_IDENTIFIER = "Commander";
            PRODUCT_MODULE_NAME = "$(TARGET_NAME:c99extidentifier)";
            PRODUCT_NAME = "$(TARGET_NAME:c99extidentifier)";
            SKIP_INSTALL = "YES";
            SWIFT_ACTIVE_COMPILATION_CONDITIONS = (
               "$(inherited)"
            );
            SWIFT_VERSION = "4.0";
            TARGET_NAME = "Commander";
         };
         name = "Release";
      };
      "OBJ_106" = {
         isa = "PBXSourcesBuildPhase";
         files = (
            "OBJ_107",
            "OBJ_108",
            "OBJ_109",
            "OBJ_110",
            "OBJ_111",
            "OBJ_112",
            "OBJ_113",
            "OBJ_114",
            "OBJ_115"
         );
      };
      "OBJ_107" = {
         isa = "PBXBuildFile";
         fileRef = "OBJ_29";
      };
      "OBJ_108" = {
         isa = "PBXBuildFile";
         fileRef = "OBJ_30";
      };
      "OBJ_109" = {
         isa = "PBXBuildFile";
         fileRef = "OBJ_31";
      };
      "OBJ_11" = {
         isa = "PBXFileReference";
         path = "main.swift";
         sourceTree = "<group>";
      };
      "OBJ_110" = {
         isa = "PBXBuildFile";
         fileRef = "OBJ_32";
      };
      "OBJ_111" = {
         isa = "PBXBuildFile";
         fileRef = "OBJ_33";
      };
      "OBJ_112" = {
         isa = "PBXBuildFile";
         fileRef = "OBJ_34";
      };
      "OBJ_113" = {
         isa = "PBXBuildFile";
         fileRef = "OBJ_35";
      };
      "OBJ_114" = {
         isa = "PBXBuildFile";
         fileRef = "OBJ_36";
      };
      "OBJ_115" = {
         isa = "PBXBuildFile";
         fileRef = "OBJ_37";
      };
      "OBJ_116" = {
         isa = "PBXFrameworksBuildPhase";
         files = (
         );
      };
      "OBJ_118" = {
         isa = "XCConfigurationList";
         buildConfigurations = (
            "OBJ_119",
            "OBJ_120"
         );
         defaultConfigurationIsVisible = "0";
         defaultConfigurationName = "Release";
      };
      "OBJ_119" = {
         isa = "XCBuildConfiguration";
         buildSettings = {
            LD = "/usr/bin/true";
            OTHER_SWIFT_FLAGS = (
               "-swift-version",
               "4",
               "-I",
               "$(TOOLCHAIN_DIR)/usr/lib/swift/pm/4",
               "-target",
               "x86_64-apple-macosx10.10",
               "-sdk",
               "/Applications/Xcode.app/Contents/Developer/Platforms/MacOSX.platform/Developer/SDKs/MacOSX10.14.sdk"
            );
            SWIFT_VERSION = "4.0";
         };
         name = "Debug";
      };
      "OBJ_12" = {
         isa = "PBXGroup";
         children = (
            "OBJ_13",
            "OBJ_14",
            "OBJ_15",
            "OBJ_16",
            "OBJ_17",
            "OBJ_18",
            "OBJ_19",
            "OBJ_20",
            "OBJ_21"
         );
         name = "AppIconResizerCore";
         path = "Sources/AppIconResizerCore";
         sourceTree = "SOURCE_ROOT";
      };
      "OBJ_120" = {
         isa = "XCBuildConfiguration";
         buildSettings = {
            LD = "/usr/bin/true";
            OTHER_SWIFT_FLAGS = (
               "-swift-version",
               "4",
               "-I",
               "$(TOOLCHAIN_DIR)/usr/lib/swift/pm/4",
               "-target",
               "x86_64-apple-macosx10.10",
               "-sdk",
               "/Applications/Xcode.app/Contents/Developer/Platforms/MacOSX.platform/Developer/SDKs/MacOSX10.14.sdk"
            );
            SWIFT_VERSION = "4.0";
         };
         name = "Release";
      };
      "OBJ_121" = {
         isa = "PBXSourcesBuildPhase";
         files = (
            "OBJ_122"
         );
      };
      "OBJ_122" = {
         isa = "PBXBuildFile";
         fileRef = "OBJ_38";
      };
      "OBJ_124" = {
         isa = "XCConfigurationList";
         buildConfigurations = (
            "OBJ_125",
            "OBJ_126"
         );
         defaultConfigurationIsVisible = "0";
         defaultConfigurationName = "Release";
      };
      "OBJ_125" = {
         isa = "XCBuildConfiguration";
         buildSettings = {
         };
         name = "Debug";
      };
      "OBJ_126" = {
         isa = "XCBuildConfiguration";
         buildSettings = {
         };
         name = "Release";
      };
      "OBJ_127" = {
         isa = "PBXTargetDependency";
         target = "AppIconResizer::AppIconResizer";
      };
      "OBJ_13" = {
         isa = "PBXFileReference";
         path = "AppIconEntry.swift";
         sourceTree = "<group>";
      };
      "OBJ_14" = {
         isa = "PBXFileReference";
         path = "AppIconResizer.swift";
         sourceTree = "<group>";
      };
      "OBJ_15" = {
         isa = "PBXFileReference";
         path = "CGImageExtensions.swift";
         sourceTree = "<group>";
      };
      "OBJ_16" = {
         isa = "PBXFileReference";
         path = "CIImageExtensions.swift";
         sourceTree = "<group>";
      };
      "OBJ_17" = {
         isa = "PBXFileReference";
         path = "ConvertibleExtensions.swift";
         sourceTree = "<group>";
      };
      "OBJ_18" = {
         isa = "PBXFileReference";
         path = "DataExtensions.swift";
         sourceTree = "<group>";
      };
      "OBJ_19" = {
         isa = "PBXFileReference";
         path = "DoubleExtensions.swift";
         sourceTree = "<group>";
      };
      "OBJ_2" = {
         isa = "XCConfigurationList";
         buildConfigurations = (
            "OBJ_3",
            "OBJ_4"
         );
         defaultConfigurationIsVisible = "0";
         defaultConfigurationName = "Release";
      };
      "OBJ_20" = {
         isa = "PBXFileReference";
         path = "Idiom.swift";
         sourceTree = "<group>";
      };
      "OBJ_21" = {
         isa = "PBXFileReference";
         path = "VirtualDevice.swift";
         sourceTree = "<group>";
      };
      "OBJ_22" = {
         isa = "PBXGroup";
         children = (
            "OBJ_23"
         );
         name = "Tests";
         path = "";
         sourceTree = "SOURCE_ROOT";
      };
      "OBJ_23" = {
         isa = "PBXGroup";
         children = (
            "OBJ_24",
            "OBJ_25"
         );
         name = "AppIconResizerTests";
         path = "Tests/AppIconResizerTests";
         sourceTree = "SOURCE_ROOT";
      };
      "OBJ_24" = {
         isa = "PBXFileReference";
         path = "AppIconResizerTests.swift";
         sourceTree = "<group>";
      };
      "OBJ_25" = {
         isa = "PBXFileReference";
         path = "XCTestManifests.swift";
         sourceTree = "<group>";
      };
      "OBJ_26" = {
         isa = "PBXGroup";
         children = (
            "OBJ_27"
         );
         name = "Dependencies";
         path = "";
         sourceTree = "<group>";
      };
      "OBJ_27" = {
         isa = "PBXGroup";
         children = (
            "OBJ_28",
            "OBJ_38"
         );
         name = "Commander 0.8.0";
         path = "";
         sourceTree = "SOURCE_ROOT";
      };
      "OBJ_28" = {
         isa = "PBXGroup";
         children = (
            "OBJ_29",
            "OBJ_30",
            "OBJ_31",
            "OBJ_32",
            "OBJ_33",
            "OBJ_34",
            "OBJ_35",
            "OBJ_36",
            "OBJ_37"
         );
         name = "Commander";
         path = ".build/checkouts/Commander.git--1216578231832484623/Sources/Commander";
         sourceTree = "SOURCE_ROOT";
      };
      "OBJ_29" = {
         isa = "PBXFileReference";
         path = "ArgumentConvertible.swift";
         sourceTree = "<group>";
      };
      "OBJ_3" = {
         isa = "XCBuildConfiguration";
         buildSettings = {
            CLANG_ENABLE_OBJC_ARC = "YES";
            COMBINE_HIDPI_IMAGES = "YES";
            COPY_PHASE_STRIP = "NO";
            DEBUG_INFORMATION_FORMAT = "dwarf";
            DYLIB_INSTALL_NAME_BASE = "@rpath";
            ENABLE_NS_ASSERTIONS = "YES";
            GCC_OPTIMIZATION_LEVEL = "0";
            GCC_PREPROCESSOR_DEFINITIONS = (
               "$(inherited)",
               "SWIFT_PACKAGE=1",
               "DEBUG=1"
            );
            MACOSX_DEPLOYMENT_TARGET = "10.10";
            ONLY_ACTIVE_ARCH = "YES";
            OTHER_SWIFT_FLAGS = (
               "-DXcode"
            );
            PRODUCT_NAME = "$(TARGET_NAME)";
            SDKROOT = "macosx";
            SUPPORTED_PLATFORMS = (
               "macosx",
               "iphoneos",
               "iphonesimulator",
               "appletvos",
               "appletvsimulator",
               "watchos",
               "watchsimulator"
            );
            SWIFT_ACTIVE_COMPILATION_CONDITIONS = (
               "$(inherited)",
               "SWIFT_PACKAGE",
               "DEBUG"
            );
            SWIFT_OPTIMIZATION_LEVEL = "-Onone";
            USE_HEADERMAP = "NO";
         };
         name = "Debug";
      };
      "OBJ_30" = {
         isa = "PBXFileReference";
         path = "ArgumentDescription.swift";
         sourceTree = "<group>";
      };
      "OBJ_31" = {
         isa = "PBXFileReference";
         path = "ArgumentParser.swift";
         sourceTree = "<group>";
      };
      "OBJ_32" = {
         isa = "PBXFileReference";
         path = "Command.swift";
         sourceTree = "<group>";
      };
      "OBJ_33" = {
         isa = "PBXFileReference";
         path = "CommandRunner.swift";
         sourceTree = "<group>";
      };
      "OBJ_34" = {
         isa = "PBXFileReference";
         path = "CommandType.swift";
         sourceTree = "<group>";
      };
      "OBJ_35" = {
         isa = "PBXFileReference";
         path = "Commands.swift";
         sourceTree = "<group>";
      };
      "OBJ_36" = {
         isa = "PBXFileReference";
         path = "Error.swift";
         sourceTree = "<group>";
      };
      "OBJ_37" = {
         isa = "PBXFileReference";
         path = "Group.swift";
         sourceTree = "<group>";
      };
      "OBJ_38" = {
         isa = "PBXFileReference";
         explicitFileType = "sourcecode.swift";
         name = "Package.swift";
         path = "/Users/admin/dev/Tools/icon-resizer-swift/.build/checkouts/Commander.git--1216578231832484623/Package.swift";
         sourceTree = "<group>";
      };
      "OBJ_39" = {
         isa = "PBXGroup";
         children = (
            "AppIconResizer::AppIconResizer::Product",
            "AppIconResizer::AppIconResizerCore::Product",
            "Commander::Commander::Product",
            "AppIconResizer::AppIconResizerTests::Product"
         );
         name = "Products";
         path = "";
         sourceTree = "BUILT_PRODUCTS_DIR";
      };
      "OBJ_4" = {
         isa = "XCBuildConfiguration";
         buildSettings = {
            CLANG_ENABLE_OBJC_ARC = "YES";
            COMBINE_HIDPI_IMAGES = "YES";
            COPY_PHASE_STRIP = "YES";
            DEBUG_INFORMATION_FORMAT = "dwarf-with-dsym";
            DYLIB_INSTALL_NAME_BASE = "@rpath";
            GCC_OPTIMIZATION_LEVEL = "s";
            GCC_PREPROCESSOR_DEFINITIONS = (
               "$(inherited)",
               "SWIFT_PACKAGE=1"
            );
            MACOSX_DEPLOYMENT_TARGET = "10.10";
            OTHER_SWIFT_FLAGS = (
               "-DXcode"
            );
            PRODUCT_NAME = "$(TARGET_NAME)";
            SDKROOT = "macosx";
            SUPPORTED_PLATFORMS = (
               "macosx",
               "iphoneos",
               "iphonesimulator",
               "appletvos",
               "appletvsimulator",
               "watchos",
               "watchsimulator"
            );
            SWIFT_ACTIVE_COMPILATION_CONDITIONS = (
               "$(inherited)",
               "SWIFT_PACKAGE"
            );
            SWIFT_OPTIMIZATION_LEVEL = "-Owholemodule";
            USE_HEADERMAP = "NO";
         };
         name = "Release";
      };
      "OBJ_44" = {
         isa = "PBXFileReference";
         path = "Mintfile";
         sourceTree = "<group>";
      };
      "OBJ_45" = {
         isa = "PBXFileReference";
         path = "lintAndFormat.sh";
         sourceTree = "<group>";
      };
      "OBJ_46" = {
         isa = "PBXFileReference";
         path = "macos.xcconfig";
         sourceTree = "<group>";
      };
      "OBJ_47" = {
         isa = "PBXFileReference";
         path = "README.md";
         sourceTree = "<group>";
      };
      "OBJ_48" = {
         isa = "PBXFileReference";
         path = "bootstrap.sh";
         sourceTree = "<group>";
      };
      "OBJ_49" = {
         isa = "PBXFileReference";
         path = "license.txt";
         sourceTree = "<group>";
      };
      "OBJ_5" = {
         isa = "PBXGroup";
         children = (
            "OBJ_6",
            "OBJ_7",
            "OBJ_9",
            "OBJ_22",
            "OBJ_26",
            "OBJ_39",
            "OBJ_44",
            "OBJ_45",
            "OBJ_46",
            "OBJ_47",
            "OBJ_48",
            "OBJ_49"
         );
         path = "";
         sourceTree = "<group>";
      };
      "OBJ_51" = {
         isa = "XCConfigurationList";
         buildConfigurations = (
            "OBJ_52",
            "OBJ_53"
         );
         defaultConfigurationIsVisible = "0";
         defaultConfigurationName = "Release";
      };
      "OBJ_52" = {
         isa = "XCBuildConfiguration";
         baseConfigurationReference = "OBJ_8";
         buildSettings = {
            FRAMEWORK_SEARCH_PATHS = (
               "$(inherited)",
               "$(PLATFORM_DIR)/Developer/Library/Frameworks"
            );
            HEADER_SEARCH_PATHS = (
               "$(inherited)"
            );
            INFOPLIST_FILE = "AppIconResizer.xcodeproj/AppIconResizer_Info.plist";
            LD_RUNPATH_SEARCH_PATHS = (
               "$(inherited)",
               "$(TOOLCHAIN_DIR)/usr/lib/swift/macosx",
               "@executable_path"
            );
            OTHER_CFLAGS = (
               "$(inherited)"
            );
            OTHER_LDFLAGS = (
               "$(inherited)"
            );
            OTHER_SWIFT_FLAGS = (
               "$(inherited)"
            );
            SWIFT_ACTIVE_COMPILATION_CONDITIONS = (
               "$(inherited)"
            );
            SWIFT_FORCE_DYNAMIC_LINK_STDLIB = "YES";
            SWIFT_FORCE_STATIC_LINK_STDLIB = "NO";
            SWIFT_VERSION = "4.2";
            TARGET_NAME = "AppIconResizer";
         };
         name = "Debug";
      };
      "OBJ_53" = {
         isa = "XCBuildConfiguration";
         baseConfigurationReference = "OBJ_8";
         buildSettings = {
            FRAMEWORK_SEARCH_PATHS = (
               "$(inherited)",
               "$(PLATFORM_DIR)/Developer/Library/Frameworks"
            );
            HEADER_SEARCH_PATHS = (
               "$(inherited)"
            );
            INFOPLIST_FILE = "AppIconResizer.xcodeproj/AppIconResizer_Info.plist";
            LD_RUNPATH_SEARCH_PATHS = (
               "$(inherited)",
               "$(TOOLCHAIN_DIR)/usr/lib/swift/macosx",
               "@executable_path"
            );
            OTHER_CFLAGS = (
               "$(inherited)"
            );
            OTHER_LDFLAGS = (
               "$(inherited)"
            );
            OTHER_SWIFT_FLAGS = (
               "$(inherited)"
            );
            SWIFT_ACTIVE_COMPILATION_CONDITIONS = (
               "$(inherited)"
            );
            SWIFT_FORCE_DYNAMIC_LINK_STDLIB = "YES";
            SWIFT_FORCE_STATIC_LINK_STDLIB = "NO";
            SWIFT_VERSION = "4.2";
            TARGET_NAME = "AppIconResizer";
         };
         name = "Release";
      };
      "OBJ_54" = {
         isa = "PBXSourcesBuildPhase";
         files = (
            "OBJ_55"
         );
      };
      "OBJ_55" = {
         isa = "PBXBuildFile";
         fileRef = "OBJ_11";
      };
      "OBJ_56" = {
         isa = "PBXFrameworksBuildPhase";
         files = (
            "OBJ_57",
            "OBJ_58"
         );
      };
      "OBJ_57" = {
         isa = "PBXBuildFile";
         fileRef = "AppIconResizer::AppIconResizerCore::Product";
      };
      "OBJ_58" = {
         isa = "PBXBuildFile";
         fileRef = "Commander::Commander::Product";
      };
      "OBJ_59" = {
         isa = "PBXTargetDependency";
         target = "AppIconResizer::AppIconResizerCore";
      };
      "OBJ_6" = {
         isa = "PBXFileReference";
         explicitFileType = "sourcecode.swift";
         path = "Package.swift";
         sourceTree = "<group>";
      };
      "OBJ_61" = {
         isa = "PBXTargetDependency";
         target = "Commander::Commander";
      };
      "OBJ_63" = {
         isa = "XCConfigurationList";
         buildConfigurations = (
            "OBJ_64",
            "OBJ_65"
         );
         defaultConfigurationIsVisible = "0";
         defaultConfigurationName = "Release";
      };
      "OBJ_64" = {
         isa = "XCBuildConfiguration";
         baseConfigurationReference = "OBJ_8";
         buildSettings = {
            ENABLE_TESTABILITY = "YES";
            FRAMEWORK_SEARCH_PATHS = (
               "$(inherited)",
               "$(PLATFORM_DIR)/Developer/Library/Frameworks"
            );
            HEADER_SEARCH_PATHS = (
               "$(inherited)"
            );
            INFOPLIST_FILE = "AppIconResizer.xcodeproj/AppIconResizerCore_Info.plist";
            LD_RUNPATH_SEARCH_PATHS = (
               "$(inherited)",
               "$(TOOLCHAIN_DIR)/usr/lib/swift/macosx"
            );
            OTHER_CFLAGS = (
               "$(inherited)"
            );
            OTHER_LDFLAGS = (
               "$(inherited)"
            );
            OTHER_SWIFT_FLAGS = (
               "$(inherited)"
            );
            PRODUCT_BUNDLE_IDENTIFIER = "AppIconResizerCore";
            PRODUCT_MODULE_NAME = "$(TARGET_NAME:c99extidentifier)";
            PRODUCT_NAME = "$(TARGET_NAME:c99extidentifier)";
            SKIP_INSTALL = "YES";
            SWIFT_ACTIVE_COMPILATION_CONDITIONS = (
               "$(inherited)"
            );
            SWIFT_VERSION = "4.2";
            TARGET_NAME = "AppIconResizerCore";
         };
         name = "Debug";
      };
      "OBJ_65" = {
         isa = "XCBuildConfiguration";
         baseConfigurationReference = "OBJ_8";
         buildSettings = {
            ENABLE_TESTABILITY = "YES";
            FRAMEWORK_SEARCH_PATHS = (
               "$(inherited)",
               "$(PLATFORM_DIR)/Developer/Library/Frameworks"
            );
            HEADER_SEARCH_PATHS = (
               "$(inherited)"
            );
            INFOPLIST_FILE = "AppIconResizer.xcodeproj/AppIconResizerCore_Info.plist";
            LD_RUNPATH_SEARCH_PATHS = (
               "$(inherited)",
               "$(TOOLCHAIN_DIR)/usr/lib/swift/macosx"
            );
            OTHER_CFLAGS = (
               "$(inherited)"
            );
            OTHER_LDFLAGS = (
               "$(inherited)"
            );
            OTHER_SWIFT_FLAGS = (
               "$(inherited)"
            );
            PRODUCT_BUNDLE_IDENTIFIER = "AppIconResizerCore";
            PRODUCT_MODULE_NAME = "$(TARGET_NAME:c99extidentifier)";
            PRODUCT_NAME = "$(TARGET_NAME:c99extidentifier)";
            SKIP_INSTALL = "YES";
            SWIFT_ACTIVE_COMPILATION_CONDITIONS = (
               "$(inherited)"
            );
            SWIFT_VERSION = "4.2";
            TARGET_NAME = "AppIconResizerCore";
         };
         name = "Release";
      };
      "OBJ_66" = {
         isa = "PBXSourcesBuildPhase";
         files = (
            "OBJ_67",
            "OBJ_68",
            "OBJ_69",
            "OBJ_70",
            "OBJ_71",
            "OBJ_72",
            "OBJ_73",
            "OBJ_74",
            "OBJ_75"
         );
      };
      "OBJ_67" = {
         isa = "PBXBuildFile";
         fileRef = "OBJ_13";
      };
      "OBJ_68" = {
         isa = "PBXBuildFile";
         fileRef = "OBJ_14";
      };
      "OBJ_69" = {
         isa = "PBXBuildFile";
         fileRef = "OBJ_15";
      };
      "OBJ_7" = {
         isa = "PBXGroup";
         children = (
            "OBJ_8"
         );
         name = "Configs";
         path = "";
         sourceTree = "<group>";
      };
      "OBJ_70" = {
         isa = "PBXBuildFile";
         fileRef = "OBJ_16";
      };
      "OBJ_71" = {
         isa = "PBXBuildFile";
         fileRef = "OBJ_17";
      };
      "OBJ_72" = {
         isa = "PBXBuildFile";
         fileRef = "OBJ_18";
      };
      "OBJ_73" = {
         isa = "PBXBuildFile";
         fileRef = "OBJ_19";
      };
      "OBJ_74" = {
         isa = "PBXBuildFile";
         fileRef = "OBJ_20";
      };
      "OBJ_75" = {
         isa = "PBXBuildFile";
         fileRef = "OBJ_21";
      };
      "OBJ_76" = {
         isa = "PBXFrameworksBuildPhase";
         files = (
            "OBJ_77"
         );
      };
      "OBJ_77" = {
         isa = "PBXBuildFile";
         fileRef = "Commander::Commander::Product";
      };
      "OBJ_78" = {
         isa = "PBXTargetDependency";
         target = "Commander::Commander";
      };
      "OBJ_8" = {
         isa = "PBXFileReference";
         path = "macos.xcconfig";
         sourceTree = "<group>";
      };
      "OBJ_80" = {
         isa = "XCConfigurationList";
         buildConfigurations = (
            "OBJ_81",
            "OBJ_82"
         );
         defaultConfigurationIsVisible = "0";
         defaultConfigurationName = "Release";
      };
      "OBJ_81" = {
         isa = "XCBuildConfiguration";
         buildSettings = {
            LD = "/usr/bin/true";
            OTHER_SWIFT_FLAGS = (
               "-swift-version",
               "4.2",
               "-I",
               "$(TOOLCHAIN_DIR)/usr/lib/swift/pm/4_2",
               "-target",
               "x86_64-apple-macosx10.10",
               "-sdk",
               "/Applications/Xcode.app/Contents/Developer/Platforms/MacOSX.platform/Developer/SDKs/MacOSX10.14.sdk"
            );
            SWIFT_VERSION = "4.2";
         };
         name = "Debug";
      };
      "OBJ_82" = {
         isa = "XCBuildConfiguration";
         buildSettings = {
            LD = "/usr/bin/true";
            OTHER_SWIFT_FLAGS = (
               "-swift-version",
               "4.2",
               "-I",
               "$(TOOLCHAIN_DIR)/usr/lib/swift/pm/4_2",
               "-target",
               "x86_64-apple-macosx10.10",
               "-sdk",
               "/Applications/Xcode.app/Contents/Developer/Platforms/MacOSX.platform/Developer/SDKs/MacOSX10.14.sdk"
            );
            SWIFT_VERSION = "4.2";
         };
         name = "Release";
      };
      "OBJ_83" = {
         isa = "PBXSourcesBuildPhase";
         files = (
            "OBJ_84"
         );
      };
      "OBJ_84" = {
         isa = "PBXBuildFile";
         fileRef = "OBJ_6";
      };
      "OBJ_86" = {
         isa = "XCConfigurationList";
         buildConfigurations = (
            "OBJ_87",
            "OBJ_88"
         );
         defaultConfigurationIsVisible = "0";
         defaultConfigurationName = "Release";
      };
      "OBJ_87" = {
         isa = "XCBuildConfiguration";
         buildSettings = {
         };
         name = "Debug";
      };
      "OBJ_88" = {
         isa = "XCBuildConfiguration";
         buildSettings = {
         };
         name = "Release";
      };
      "OBJ_89" = {
         isa = "PBXTargetDependency";
         target = "AppIconResizer::AppIconResizerTests";
      };
      "OBJ_9" = {
         isa = "PBXGroup";
         children = (
            "OBJ_10",
            "OBJ_12"
         );
         name = "Sources";
         path = "";
         sourceTree = "SOURCE_ROOT";
      };
      "OBJ_91" = {
         isa = "XCConfigurationList";
         buildConfigurations = (
            "OBJ_92",
            "OBJ_93"
         );
         defaultConfigurationIsVisible = "0";
         defaultConfigurationName = "Release";
      };
      "OBJ_92" = {
         isa = "XCBuildConfiguration";
         baseConfigurationReference = "OBJ_8";
         buildSettings = {
            CLANG_ENABLE_MODULES = "YES";
            EMBEDDED_CONTENT_CONTAINS_SWIFT = "YES";
            FRAMEWORK_SEARCH_PATHS = (
               "$(inherited)",
               "$(PLATFORM_DIR)/Developer/Library/Frameworks"
            );
            HEADER_SEARCH_PATHS = (
               "$(inherited)"
            );
            INFOPLIST_FILE = "AppIconResizer.xcodeproj/AppIconResizerTests_Info.plist";
            LD_RUNPATH_SEARCH_PATHS = (
               "$(inherited)",
               "@loader_path/../Frameworks",
               "@loader_path/Frameworks"
            );
            OTHER_CFLAGS = (
               "$(inherited)"
            );
            OTHER_LDFLAGS = (
               "$(inherited)"
            );
            OTHER_SWIFT_FLAGS = (
               "$(inherited)"
            );
            SWIFT_ACTIVE_COMPILATION_CONDITIONS = (
               "$(inherited)"
            );
            SWIFT_VERSION = "4.2";
            TARGET_NAME = "AppIconResizerTests";
         };
         name = "Debug";
      };
      "OBJ_93" = {
         isa = "XCBuildConfiguration";
         baseConfigurationReference = "OBJ_8";
         buildSettings = {
            CLANG_ENABLE_MODULES = "YES";
            EMBEDDED_CONTENT_CONTAINS_SWIFT = "YES";
            FRAMEWORK_SEARCH_PATHS = (
               "$(inherited)",
               "$(PLATFORM_DIR)/Developer/Library/Frameworks"
            );
            HEADER_SEARCH_PATHS = (
               "$(inherited)"
            );
            INFOPLIST_FILE = "AppIconResizer.xcodeproj/AppIconResizerTests_Info.plist";
            LD_RUNPATH_SEARCH_PATHS = (
               "$(inherited)",
               "@loader_path/../Frameworks",
               "@loader_path/Frameworks"
            );
            OTHER_CFLAGS = (
               "$(inherited)"
            );
            OTHER_LDFLAGS = (
               "$(inherited)"
            );
            OTHER_SWIFT_FLAGS = (
               "$(inherited)"
            );
            SWIFT_ACTIVE_COMPILATION_CONDITIONS = (
               "$(inherited)"
            );
            SWIFT_VERSION = "4.2";
            TARGET_NAME = "AppIconResizerTests";
         };
         name = "Release";
      };
      "OBJ_94" = {
         isa = "PBXSourcesBuildPhase";
         files = (
            "OBJ_95",
            "OBJ_96"
         );
      };
      "OBJ_95" = {
         isa = "PBXBuildFile";
         fileRef = "OBJ_24";
      };
      "OBJ_96" = {
         isa = "PBXBuildFile";
         fileRef = "OBJ_25";
      };
      "OBJ_97" = {
         isa = "PBXFrameworksBuildPhase";
         files = (
            "OBJ_98",
            "OBJ_99"
         );
      };
      "OBJ_98" = {
         isa = "PBXBuildFile";
         fileRef = "AppIconResizer::AppIconResizerCore::Product";
      };
      "OBJ_99" = {
         isa = "PBXBuildFile";
         fileRef = "Commander::Commander::Product";
      };
   };
   rootObject = "OBJ_1";
}
